<?xml version="1.0" encoding="utf-8"?>
<Project ToolsVersion="4.0" xmlns="http://schemas.microsoft.com/developer/msbuild/2003">
  <ItemGroup>
    <Filter Include="Source Files">
      <UniqueIdentifier>{4FC737F1-C7A5-4376-A066-2A32D752A2FF}</UniqueIdentifier>
      <Extensions>cpp;c;cc;cxx;c++;cppm;ixx;def;odl;idl;hpj;bat;asm;asmx</Extensions>
    </Filter>
    <Filter Include="Header Files">
      <UniqueIdentifier>{93995380-89BD-4b04-88EB-625FBE52EBFB}</UniqueIdentifier>
      <Extensions>h;hh;hpp;hxx;h++;hm;inl;inc;ipp;xsd</Extensions>
    </Filter>
    <Filter Include="Resource Files">
      <UniqueIdentifier>{67DA6AB6-F800-4c08-8B7A-83BB121AAD01}</UniqueIdentifier>
      <Extensions>rc;ico;cur;bmp;dlg;rc2;rct;bin;rgs;gif;jpg;jpeg;jpe;resx;tiff;tif;png;wav;mfcribbon-ms</Extensions>
    </Filter>
    <Filter Include="Source Files\Menu">
      <UniqueIdentifier>{9674f7c3-f90f-4ec2-9aa7-8718bf9c4999}</UniqueIdentifier>
    </Filter>
    <Filter Include="Header Files\Menu">
      <UniqueIdentifier>{2b603e9c-1e63-4b56-9d98-b35eb85c64ac}</UniqueIdentifier>
    </Filter>
    <Filter Include="Interfaces">
      <UniqueIdentifier>{beb7d604-0ec2-4553-9456-5d9295619f04}</UniqueIdentifier>
    </Filter>
    <Filter Include="Header Files\Buttons">
      <UniqueIdentifier>{129fdee6-4356-4cea-bbed-93f82e9db06a}</UniqueIdentifier>
    </Filter>
    <Filter Include="Source Files\Buttons">
      <UniqueIdentifier>{3c92f14c-dee9-4400-b3c3-e9cbad33f0a1}</UniqueIdentifier>
    </Filter>
    <Filter Include="Source Files\Core">
      <UniqueIdentifier>{89ce753f-b201-4e5b-9f6a-afe6d8ef0d74}</UniqueIdentifier>
    </Filter>
    <Filter Include="Header Files\Core">
      <UniqueIdentifier>{09eeb266-fffe-460b-b098-cd44f4274b2e}</UniqueIdentifier>
    </Filter>
    <Filter Include="Header Files\Core\GameManager">
      <UniqueIdentifier>{37cd5294-b33c-49b5-b13d-fd14c0e35d56}</UniqueIdentifier>
    </Filter>
    <Filter Include="Header Files\Core\GameManager\GameStates">
      <UniqueIdentifier>{ffc78532-67bf-4bc6-9c97-0be86d52881f}</UniqueIdentifier>
    </Filter>
    <Filter Include="Source Files\Core\GameManager">
      <UniqueIdentifier>{2d08988c-8713-41fd-8105-b86b8301b5fe}</UniqueIdentifier>
    </Filter>
    <Filter Include="Source Files\Core\GameManager\Game States">
      <UniqueIdentifier>{8dc7220c-ba61-4f70-8a8f-27c83a10fbc1}</UniqueIdentifier>
    </Filter>
    <Filter Include="Source Files\Core\Systems">
      <UniqueIdentifier>{327ee9c9-a8a2-4660-80c5-08c72d656187}</UniqueIdentifier>
    </Filter>
    <Filter Include="Header Files\Core\Systems">
      <UniqueIdentifier>{638c276b-93e2-4281-8691-a649ab3e7dce}</UniqueIdentifier>
    </Filter>
    <Filter Include="Source Files\Core\InGame">
      <UniqueIdentifier>{d05fb06d-54e7-4dc3-8fb8-a01744e47044}</UniqueIdentifier>
    </Filter>
    <Filter Include="Header Files\Core\GameManager\InGame">
      <UniqueIdentifier>{ea9b88f5-3cb0-4978-95cb-1aa299739c4f}</UniqueIdentifier>
    </Filter>
  </ItemGroup>
  <ItemGroup>
    <ClCompile Include="Program.cpp">
      <Filter>Source Files</Filter>
    </ClCompile>
    <ClCompile Include="MenuManager.cpp">
      <Filter>Source Files\Menu</Filter>
    </ClCompile>
    <ClCompile Include="SettingsMenu.cpp">
      <Filter>Source Files\Menu</Filter>
    </ClCompile>
    <ClCompile Include="MainMenu.cpp">
      <Filter>Source Files\Menu</Filter>
    </ClCompile>
    <ClCompile Include="GuiButtonEx.cpp">
      <Filter>Source Files\Buttons</Filter>
    </ClCompile>
    <ClCompile Include="MenuSceneBase.cpp">
      <Filter>Source Files\Menu</Filter>
    </ClCompile>
    <ClCompile Include="Sprite.cpp">
      <Filter>Source Files</Filter>
    </ClCompile>
    <ClCompile Include="GameManager.cpp">
      <Filter>Source Files\Core\GameManager</Filter>
    </ClCompile>
    <ClCompile Include="GameStateMachine.cpp">
      <Filter>Source Files\Core\GameManager</Filter>
    </ClCompile>
    <ClCompile Include="MainMenuState.cpp">
      <Filter>Source Files\Core\GameManager\Game States</Filter>
    </ClCompile>
    <ClCompile Include="InGameState.cpp">
      <Filter>Source Files\Core\GameManager\Game States</Filter>
    </ClCompile>
    <ClCompile Include="SelectStageMenu.cpp">
      <Filter>Source Files\Menu</Filter>
    </ClCompile>
    <ClCompile Include="AssetManager.cpp">
      <Filter>Source Files\Core\Systems</Filter>
    </ClCompile>
    <ClCompile Include="AudioManager.cpp">
      <Filter>Source Files\Core\Systems</Filter>
    </ClCompile>
    <ClCompile Include="WindowManager.cpp">
      <Filter>Source Files\Core\Systems</Filter>
    </ClCompile>
    <ClCompile Include="MapSystem.cpp">
      <Filter>Source Files\Core\InGame</Filter>
    </ClCompile>
  </ItemGroup>
  <ItemGroup>
    <ClInclude Include="MenuManager.h">
      <Filter>Header Files\Menu</Filter>
    </ClInclude>
    <ClInclude Include="IGameObject.h">
      <Filter>Interfaces</Filter>
    </ClInclude>
    <ClInclude Include="MainMenu.h">
      <Filter>Header Files\Menu</Filter>
    </ClInclude>
    <ClInclude Include="SettingsMenu.h">
      <Filter>Header Files\Menu</Filter>
    </ClInclude>
    <ClInclude Include="GuiButtonEx.h">
      <Filter>Header Files\Buttons</Filter>
    </ClInclude>
    <ClInclude Include="MenuSceneBase.h">
      <Filter>Header Files\Menu</Filter>
    </ClInclude>
    <ClInclude Include="Sprite.h">
      <Filter>Header Files</Filter>
    </ClInclude>
    <ClInclude Include="IState.h">
      <Filter>Interfaces</Filter>
    </ClInclude>
    <ClInclude Include="GameManager.h">
      <Filter>Header Files\Core\GameManager</Filter>
    </ClInclude>
    <ClInclude Include="GameStateMachine.h">
      <Filter>Header Files\Core\GameManager</Filter>
    </ClInclude>
    <ClInclude Include="Menus.h">
      <Filter>Header Files\Menu</Filter>
    </ClInclude>
    <ClInclude Include="Transition.h">
      <Filter>Interfaces</Filter>
    </ClInclude>
    <ClInclude Include="MainMenuState.h">
      <Filter>Header Files\Core\GameManager\GameStates</Filter>
    </ClInclude>
    <ClInclude Include="InGameState.h">
      <Filter>Header Files\Core\GameManager\GameStates</Filter>
    </ClInclude>
    <ClInclude Include="SelectStageMenu.h">
      <Filter>Header Files\Menu</Filter>
    </ClInclude>
    <ClInclude Include="AssetManager.h">
      <Filter>Header Files\Core\Systems</Filter>
    </ClInclude>
    <ClInclude Include="AudioManager.h">
      <Filter>Header Files\Core\Systems</Filter>
    </ClInclude>
    <ClInclude Include="WindowManager.h">
      <Filter>Header Files\Core\Systems</Filter>
    </ClInclude>
    <ClInclude Include="MapSystem.h">
      <Filter>Header Files\Core\GameManager\InGame</Filter>
    </ClInclude>
    <ClInclude Include="Grid.h">
      <Filter>Header Files\Core</Filter>
    </ClInclude>
    <ClInclude Include="External\json.hpp">
      <Filter>Resource Files</Filter>
    </ClInclude>
  </ItemGroup>
  <ItemGroup>
    <Media Include="Audio\music.mp3">
      <Filter>Resource Files</Filter>
    </Media>
  </ItemGroup>
  <ItemGroup>
    <None Include="Audio\click1.ogg">
      <Filter>Resource Files</Filter>
    </None>
  </ItemGroup>
</Project>